# This file is generated by running "yarn install" inside your project.
# Manual changes might be lost - proceed with caution!

__metadata:
  version: 10
  cacheKey: 10c0

"@babel/helper-string-parser@npm:^7.29.7":
  version: 7.29.7
  resolution: "@babel/helper-string-parser@npm:7.29.7"
  checksum: 10c0/194bc0f1716e396d5ffde56ad6119745fb9557662c98611590e5e454906783a4ccb21ce93056b8eb69a4909044834e45d96e50ac695bbe9e3221648fe033c06c
  languageName: node
  linkType: hard

"@babel/helper-validator-identifier@npm:^7.29.7":
  version: 7.29.7
  resolution: "@babel/helper-validator-identifier@npm:7.29.7"
  checksum: 10c0/4795354e7ae0dcafa72de1cd04ec51252dc1498517170beaf019e03effc5b7bf13c6b21a3949a77e07b8125be7f106ed1131350d8ebd4566ae874094a726d62b
  languageName: node
  linkType: hard

"@babel/parser@npm:^7.6.0, @babel/parser@npm:^7.9.6":
  version: 7.29.9
  resolution: "@babel/parser@npm:7.29.9"
  dependencies:
    "@babel/types": "npm:^7.29.8"
  bin:
    parser: ./bin/babel-parser.js
  checksum: 10c0/171b16eb4527cdbbb72cb98710f91acb22356e2c40196ba3b7a1b84efa8c55d0b0992f399c8c675c3e17f67fd133676c5c4118e5f20db243f427c8b29b0c3f40
  languageName: node
  linkType: hard

"@babel/types@npm:^7.29.8, @babel/types@npm:^7.6.1, @babel/types@npm:^7.9.6":
  version: 7.29.8
  resolution: "@babel/types@npm:7.29.8"
  dependencies:
    "@babel/helper-string-parser": "npm:^7.29.7"
    "@babel/helper-validator-identifier": "npm:^7.29.7"
  checksum: 10c0/be7c279f0abf2a086c633e21b49c7ca80275d05283cc5a268b67a708c9914bd0c944f1422b3eb3cb37682a2af5d560abf520ccf9b01b53ecbfe6b71fbc3fdde6
  languageName: node
  linkType: hard

"@redis/bloom@npm:6.3.0":
  version: 6.3.0
  resolution: "@redis/bloom@npm:6.3.0"
  peerDependencies:
    "@redis/client": ^6.3.0
  checksum: 10c0/359ac93a7b1c4b207f1a2822798c9901e362ec852381823db6a33b3785c51ebc78bb458d38e4947d90e31ff3340543e90888124c113c8b729035d74f4a98c25e
  languageName: node
  linkType: hard

"@redis/client@npm:6.3.0":
  version: 6.3.0
  resolution: "@redis/client@npm:6.3.0"
  peerDependencies:
    "@node-rs/xxhash": ^1.1.0
    "@opentelemetry/api": ">=1 <2"
  peerDependenciesMeta:
    "@node-rs/xxhash":
      optional: true
    "@opentelemetry/api":
      optional: true
  checksum: 10c0/e194a221d29785e581250d9ec212891c5bb133599cab98db7b985afbc06809c85b6e717b10f86e46033ae5e9bb08d034642484cd87b5e01e538575bbf0956217
  languageName: node
  linkType: hard

"@redis/json@npm:6.3.0":
  version: 6.3.0
  resolution: "@redis/json@npm:6.3.0"
  peerDependencies:
    "@redis/client": ^6.3.0
  checksum: 10c0/a3509240ca75efa347ea949713eebe79e81387ee9d37e89a06251ff57ec7931fd5b5a1509efce503d023020f95b07750d76d6d2d6dc7869d7dbf268dc9473ce8
  languageName: node
  linkType: hard

"@redis/search@npm:6.3.0":
  version: 6.3.0
  resolution: "@redis/search@npm:6.3.0"
  peerDependencies:
    "@redis/client": ^6.3.0
  checksum: 10c0/f60974f0448ff79baf4f24479bcba556e65dbb81e3e1b55c2c4eb07a502dfe160aafdaa7aa3bac13d352a394d61dbf67f026a0dcc0904d2068b13f385b57e567
  languageName: node
  linkType: hard

"@redis/time-series@npm:6.3.0":
  version: 6.3.0
  resolution: "@redis/time-series@npm:6.3.0"
  peerDependencies:
    "@redis/client": ^6.3.0
  checksum: 10c0/417625b51142a65e3eec99ce3ce7411d8e9044189423e6be6ca55d90dd50214361367ef504eae4802c590b34f9f182d8d86887cb75dd2964c09dba57ddd0725a
  languageName: node
  linkType: hard

"accepts@npm:^2.0.0":
  version: 2.0.0
  resolution: "accepts@npm:2.0.0"
  dependencies:
    mime-types: "npm:^3.0.0"
    negotiator: "npm:^1.0.0"
  checksum: 10c0/98374742097e140891546076215f90c32644feacf652db48412329de4c2a529178a81aa500fbb13dd3e6cbf6e68d829037b123ac037fc9a08bcec4b87b358eef
  languageName: node
  linkType: hard

"acorn@npm:^7.1.1":
  version: 7.4.1
  resolution: "acorn@npm:7.4.1"
  bin:
    acorn: bin/acorn
  checksum: 10c0/bd0b2c2b0f334bbee48828ff897c12bd2eb5898d03bf556dcc8942022cec795ac5bb5b6b585e2de687db6231faf07e096b59a361231dd8c9344d5df5f7f0e526
  languageName: node
  linkType: hard

"asap@npm:~2.0.3":
  version: 2.0.6
  resolution: "asap@npm:2.0.6"
  checksum: 10c0/c6d5e39fe1f15e4b87677460bd66b66050cd14c772269cee6688824c1410a08ab20254bb6784f9afb75af9144a9f9a7692d49547f4d19d715aeb7c0318f3136d
  languageName: node
  linkType: hard

"assert-never@npm:^1.2.1":
  version: 1.4.0
  resolution: "assert-never@npm:1.4.0"
  checksum: 10c0/494db08b89fb43d6231c9b4c48da22824f1912d88992bf0268e43b3dad0f64bd56d380addbb997d2dea7d859421d5e2904e8bd01243794f2bb5bfbc8d32d1fc6
  languageName: node
  linkType: hard

"async-function@npm:^1.0.0":
  version: 1.0.0
  resolution: "async-function@npm:1.0.0"
  checksum: 10c0/669a32c2cb7e45091330c680e92eaeb791bc1d4132d827591e499cd1f776ff5a873e77e5f92d0ce795a8d60f10761dec9ddfe7225a5de680f5d357f67b1aac73
  languageName: node
  linkType: hard

"async-generator-function@npm:^1.0.0":
  version: 1.0.0
  resolution: "async-generator-function@npm:1.0.0"
  checksum: 10c0/2c50ef856c543ad500d8d8777d347e3c1ba623b93e99c9263ecc5f965c1b12d2a140e2ab6e43c3d0b85366110696f28114649411cbcd10b452a92a2318394186
  languageName: node
  linkType: hard

"aws-jwt-verify@npm:^5.2.1":
  version: 5.2.1
  resolution: "aws-jwt-verify@npm:5.2.1"
  checksum: 10c0/f1944ddf28ffab0dc347abe130d4c41a912f282ab4686156c42c20c5b081545b7a9b1851e7749acf5153709d2e0cb77e7a21c6db8c32c381f6a8df3c0b495c44
  languageName: node
  linkType: hard

"babel-walk@npm:3.0.0-canary-5":
  version: 3.0.0-canary-5
  resolution: "babel-walk@npm:3.0.0-canary-5"
  dependencies:
    "@babel/types": "npm:^7.9.6"
  checksum: 10c0/17b689874d15c37714cedf6797dd9321dcb998d8e0dda9a8fe8c8bbbf128bbdeb8935cf56e8630d6b67eae76d2a0bc1e470751e082c3b0e30b80d58beafb5e64
  languageName: node
  linkType: hard

"basic-auth@npm:~2.0.1":
  version: 2.0.1
  resolution: "basic-auth@npm:2.0.1"
  dependencies:
    safe-buffer: "npm:5.1.2"
  checksum: 10c0/05f56db3a0fc31c89c86b605231e32ee143fb6ae38dc60616bc0970ae6a0f034172def99e69d3aed0e2c9e7cac84e2d63bc51a0b5ff6ab5fc8808cc8b29923c1
  languageName: node
  linkType: hard

"body-parser@npm:^2.2.1":
  version: 2.3.0
  resolution: "body-parser@npm:2.3.0"
  dependencies:
    bytes: "npm:^3.1.2"
    content-type: "npm:^2.0.0"
    debug: "npm:^4.4.3"
    http-errors: "npm:^2.0.1"
    iconv-lite: "npm:^0.7.2"
    on-finished: "npm:^2.4.1"
    qs: "npm:^6.15.2"
    raw-body: "npm:^3.0.2"
    type-is: "npm:^2.1.0"
  checksum: 10c0/2a8fbbdc471b588338555a3e1a597d1eb0ad0c21cf20fdc3bac5d3f8d9c3a4b19b4163575ab852a43a5dfc0df7770ced5284f979e561f1a24c2f851ce89e695a
  languageName: node
  linkType: hard

"bytes@npm:^3.1.2, bytes@npm:~3.1.2":
  version: 3.1.2
  resolution: "bytes@npm:3.1.2"
  checksum: 10c0/76d1c43cbd602794ad8ad2ae94095cddeb1de78c5dddaa7005c51af10b0176c69971a6d88e805a90c2b6550d76636e43c40d8427a808b8645ede885de4a0358e
  languageName: node
  linkType: hard

"call-bind-apply-helpers@npm:^1.0.1, call-bind-apply-helpers@npm:^1.0.2":
  version: 1.0.2
  resolution: "call-bind-apply-helpers@npm:1.0.2"
  dependencies:
    es-errors: "npm:^1.3.0"
    function-bind: "npm:^1.1.2"
  checksum: 10c0/47bd9901d57b857590431243fea704ff18078b16890a6b3e021e12d279bbf211d039155e27d7566b374d49ee1f8189344bac9833dec7a20cdec370506361c938
  languageName: node
  linkType: hard

"call-bound@npm:^1.0.2":
  version: 1.0.4
  resolution: "call-bound@npm:1.0.4"
  dependencies:
    call-bind-apply-helpers: "npm:^1.0.2"
    get-intrinsic: "npm:^1.3.0"
  checksum: 10c0/f4796a6a0941e71c766aea672f63b72bc61234c4f4964dc6d7606e3664c307e7d77845328a8f3359ce39ddb377fed67318f9ee203dea1d47e46165dcf2917644
  languageName: node
  linkType: hard

"character-parser@npm:^2.2.0":
  version: 2.2.0
  resolution: "character-parser@npm:2.2.0"
  dependencies:
    is-regex: "npm:^1.0.3"
  checksum: 10c0/5a8d3eff2c912a6878c84e2ebf9d42524e858aa7e1a1c7e8bb79ab54da109ad008fe9057a9d2b3230541d7ff858eda98983a2ae15db57ba01af2e989d29e932e
  languageName: node
  linkType: hard

"constantinople@npm:^4.0.1":
  version: 4.0.1
  resolution: "constantinople@npm:4.0.1"
  dependencies:
    "@babel/parser": "npm:^7.6.0"
    "@babel/types": "npm:^7.6.1"
  checksum: 10c0/15129adef19b1af2c3ade8bd38f97c34781bf461472a30ab414384b28d072be83070c8d2175787c045ef7c222c415101ae609936e7903427796a0c0eca8449fd
  languageName: node
  linkType: hard

"content-disposition@npm:^1.0.0":
  version: 1.1.0
  resolution: "content-disposition@npm:1.1.0"
  checksum: 10c0/94e0aef65873e69330f5f187fbc44ebce593bdcb8013dd8a68b7d0f159ca089bd30db3f8095d829f81c341695b60a6085ee6e15e6d775c4a325b586cc8d91974
  languageName: node
  linkType: hard

"content-type@npm:^1.0.5":
  version: 1.0.5
  resolution: "content-type@npm:1.0.5"
  checksum: 10c0/b76ebed15c000aee4678c3707e0860cb6abd4e680a598c0a26e17f0bfae723ec9cc2802f0ff1bc6e4d80603719010431d2231018373d4dde10f9ccff9dadf5af
  languageName: node
  linkType: hard

"content-type@npm:^2.0.0, content-type@npm:^2.1.0":
  version: 2.1.0
  resolution: "content-type@npm:2.1.0"
  checksum: 10c0/f5d420f55fd0c7a7f7cbae9637777ce67a074aa79b489d8d9fee8599089592b5f8bb194e1d6885741fee20271034baca0d68d5419535b52d070c4f7e39f4b448
  languageName: node
  linkType: hard

"cookie-signature@npm:^1.2.1":
  version: 1.2.2
  resolution: "cookie-signature@npm:1.2.2"
  checksum: 10c0/54e05df1a293b3ce81589b27dddc445f462f6fa6812147c033350cd3561a42bc14481674e05ed14c7bd0ce1e8bb3dc0e40851bad75415733711294ddce0b7bc6
  languageName: node
  linkType: hard

"cookie@npm:^0.7.1":
  version: 0.7.2
  resolution: "cookie@npm:0.7.2"
  checksum: 10c0/9596e8ccdbf1a3a88ae02cf5ee80c1c50959423e1022e4e60b91dd87c622af1da309253d8abdb258fb5e3eacb4f08e579dc58b4897b8087574eee0fd35dfa5d2
  languageName: node
  linkType: hard

"debug@npm:2.6.9":
  version: 2.6.9
  resolution: "debug@npm:2.6.9"
  dependencies:
    ms: "npm:2.0.0"
  checksum: 10c0/121908fb839f7801180b69a7e218a40b5a0b718813b886b7d6bdb82001b931c938e2941d1e4450f33a1b1df1da653f5f7a0440c197f29fbf8a6e9d45ff6ef589
  languageName: node
  linkType: hard

"debug@npm:^4.4.0, debug@npm:^4.4.3":
  version: 4.4.3
  resolution: "debug@npm:4.4.3"
  dependencies:
    ms: "npm:^2.1.3"
  peerDependenciesMeta:
    supports-color:
      optional: true
  checksum: 10c0/d79136ec6c83ecbefd0f6a5593da6a9c91ec4d7ddc4b54c883d6e71ec9accb5f67a1a5e96d00a328196b5b5c86d365e98d8a3a70856aaf16b4e7b1985e67f5a6
  languageName: node
  linkType: hard

"depd@npm:^2.0.0, depd@npm:~2.0.0":
  version: 2.0.0
  resolution: "depd@npm:2.0.0"
  checksum: 10c0/58bd06ec20e19529b06f7ad07ddab60e504d9e0faca4bd23079fac2d279c3594334d736508dc350e06e510aba5e22e4594483b3a6562ce7c17dd797f4cc4ad2c
  languageName: node
  linkType: hard

"doctypes@npm:^1.1.0":
  version: 1.1.0
  resolution: "doctypes@npm:1.1.0"
  checksum: 10c0/b3f9d597ad8b9ac6aeba9d64df61f0098174f7570e3d34f7ee245ebc736c7bee122d9738a18e22010b98983fd9a340d63043d3841f02d8a7742a2d96d2c72610
  languageName: node
  linkType: hard

"dunder-proto@npm:^1.0.1":
  version: 1.0.1
  resolution: "dunder-proto@npm:1.0.1"
  dependencies:
    call-bind-apply-helpers: "npm:^1.0.1"
    es-errors: "npm:^1.3.0"
    gopd: "npm:^1.2.0"
  checksum: 10c0/199f2a0c1c16593ca0a145dbf76a962f8033ce3129f01284d48c45ed4e14fea9bbacd7b3610b6cdc33486cef20385ac054948fefc6272fcce645c09468f93031
  languageName: node
  linkType: hard

"ee-first@npm:1.1.1":
  version: 1.1.1
  resolution: "ee-first@npm:1.1.1"
  checksum: 10c0/b5bb125ee93161bc16bfe6e56c6b04de5ad2aa44234d8f644813cc95d861a6910903132b05093706de2b706599367c4130eb6d170f6b46895686b95f87d017b7
  languageName: node
  linkType: hard

"encodeurl@npm:^2.0.0":
  version: 2.0.0
  resolution: "encodeurl@npm:2.0.0"
  checksum: 10c0/5d317306acb13e6590e28e27924c754163946a2480de11865c991a3a7eed4315cd3fba378b543ca145829569eefe9b899f3d84bb09870f675ae60bc924b01ceb
  languageName: node
  linkType: hard

"es-define-property@npm:^1.0.1":
  version: 1.0.1
  resolution: "es-define-property@npm:1.0.1"
  checksum: 10c0/3f54eb49c16c18707949ff25a1456728c883e81259f045003499efba399c08bad00deebf65cccde8c0e07908c1a225c9d472b7107e558f2a48e28d530e34527c
  languageName: node
  linkType: hard

"es-errors@npm:^1.3.0":
  version: 1.3.0
  resolution: "es-errors@npm:1.3.0"
  checksum: 10c0/0a61325670072f98d8ae3b914edab3559b6caa980f08054a3b872052640d91da01d38df55df797fcc916389d77fc92b8d5906cf028f4db46d7e3003abecbca85
  languageName: node
  linkType: hard

"es-object-atoms@npm:^1.0.0, es-object-atoms@npm:^1.1.1":
  version: 1.1.2
  resolution: "es-object-atoms@npm:1.1.2"
  dependencies:
    es-errors: "npm:^1.3.0"
  checksum: 10c0/1772861f094f739d6f41b579cfb9a18579daffeb434552a370a5fbef50a32d22227e27b63fdbb757b7ddd429d1b42fe52ccae7966d9302a2ec221b6f1b41bbc4
  languageName: node
  linkType: hard

"escape-html@npm:^1.0.3":
  version: 1.0.3
  resolution: "escape-html@npm:1.0.3"
  checksum: 10c0/524c739d776b36c3d29fa08a22e03e8824e3b2fd57500e5e44ecf3cc4707c34c60f9ca0781c0e33d191f2991161504c295e98f68c78fe7baa6e57081ec6ac0a3
  languageName: node
  linkType: hard

"etag@npm:^1.8.1":
  version: 1.8.1
  resolution: "etag@npm:1.8.1"
  checksum: 10c0/12be11ef62fb9817314d790089a0a49fae4e1b50594135dcb8076312b7d7e470884b5100d249b28c18581b7fd52f8b485689ffae22a11ed9ec17377a33a08f84
  languageName: node
  linkType: hard

"express-recaptcha@npm:^5.1.0":
  version: 5.1.0
  resolution: "express-recaptcha@npm:5.1.0"
  checksum: 10c0/0b2d3b7cedead7bc5cd2d8af0a5c2d96342fbd85b4da59e13fc270d4e6e956a85149a63d00289408bb62fcbf2aa5c5e402711b35e971d946bb7e1276d4cd5cfe
  languageName: node
  linkType: hard

"express@npm:^5.2.1":
  version: 5.2.1
  resolution: "express@npm:5.2.1"
  dependencies:
    accepts: "npm:^2.0.0"
    body-parser: "npm:^2.2.1"
    content-disposition: "npm:^1.0.0"
    content-type: "npm:^1.0.5"
    cookie: "npm:^0.7.1"
    cookie-signature: "npm:^1.2.1"
    debug: "npm:^4.4.0"
    depd: "npm:^2.0.0"
    encodeurl: "npm:^2.0.0"
    escape-html: "npm:^1.0.3"
    etag: "npm:^1.8.1"
    finalhandler: "npm:^2.1.0"
    fresh: "npm:^2.0.0"
    http-errors: "npm:^2.0.0"
    merge-descriptors: "npm:^2.0.0"
    mime-types: "npm:^3.0.0"
    on-finished: "npm:^2.4.1"
    once: "npm:^1.4.0"
    parseurl: "npm:^1.3.3"
    proxy-addr: "npm:^2.0.7"
    qs: "npm:^6.14.0"
    range-parser: "npm:^1.2.1"
    router: "npm:^2.2.0"
    send: "npm:^1.1.0"
    serve-static: "npm:^2.2.0"
    statuses: "npm:^2.0.1"
    type-is: "npm:^2.0.1"
    vary: "npm:^1.1.2"
  checksum: 10c0/45e8c841ad188a41402ddcd1294901e861ee0819f632fb494f2ed344ef9c43315d294d443fb48d594e6586a3b779785120f43321417adaef8567316a55072949
  languageName: node
  linkType: hard

"finalhandler@npm:^2.1.0":
  version: 2.1.1
  resolution: "finalhandler@npm:2.1.1"
  dependencies:
    debug: "npm:^4.4.0"
    encodeurl: "npm:^2.0.0"
    escape-html: "npm:^1.0.3"
    on-finished: "npm:^2.4.1"
    parseurl: "npm:^1.3.3"
    statuses: "npm:^2.0.1"
  checksum: 10c0/6bd664e21b7b2e79efcaace7d1a427169f61cce048fae68eb56290e6934e676b78e55d89f5998c5508871345bc59a61f47002dc505dc7288be68cceac1b701e2
  languageName: node
  linkType: hard

"forwarded@npm:0.2.0":
  version: 0.2.0
  resolution: "forwarded@npm:0.2.0"
  checksum: 10c0/9b67c3fac86acdbc9ae47ba1ddd5f2f81526fa4c8226863ede5600a3f7c7416ef451f6f1e240a3cc32d0fd79fcfe6beb08fd0da454f360032bde70bf80afbb33
  languageName: node
  linkType: hard

"fresh@npm:^2.0.0":
  version: 2.0.0
  resolution: "fresh@npm:2.0.0"
  checksum: 10c0/0557548194cb9a809a435bf92bcfbc20c89e8b5eb38861b73ced36750437251e39a111fc3a18b98531be9dd91fe1411e4969f229dc579ec0251ce6c5d4900bbc
  languageName: node
  linkType: hard

"function-bind@npm:^1.1.2":
  version: 1.1.2
  resolution: "function-bind@npm:1.1.2"
  checksum: 10c0/d8680ee1e5fcd4c197e4ac33b2b4dce03c71f4d91717292785703db200f5c21f977c568d28061226f9b5900cbcd2c84463646134fd5337e7925e0942bc3f46d5
  languageName: node
  linkType: hard

"generator-function@npm:^2.0.0":
  version: 2.0.1
  resolution: "generator-function@npm:2.0.1"
  checksum: 10c0/8a9f59df0f01cfefafdb3b451b80555e5cf6d76487095db91ac461a0e682e4ff7a9dbce15f4ecec191e53586d59eece01949e05a4b4492879600bbbe8e28d6b8
  languageName: node
  linkType: hard

"get-intrinsic@npm:^1.2.5, get-intrinsic@npm:^1.3.0":
  version: 1.3.1
  resolution: "get-intrinsic@npm:1.3.1"
  dependencies:
    async-function: "npm:^1.0.0"
    async-generator-function: "npm:^1.0.0"
    call-bind-apply-helpers: "npm:^1.0.2"
    es-define-property: "npm:^1.0.1"
    es-errors: "npm:^1.3.0"
    es-object-atoms: "npm:^1.1.1"
    function-bind: "npm:^1.1.2"
    generator-function: "npm:^2.0.0"
    get-proto: "npm:^1.0.1"
    gopd: "npm:^1.2.0"
    has-symbols: "npm:^1.1.0"
    hasown: "npm:^2.0.2"
    math-intrinsics: "npm:^1.1.0"
  checksum: 10c0/9f4ab0cf7efe0fd2c8185f52e6f637e708f3a112610c88869f8f041bb9ecc2ce44bf285dfdbdc6f4f7c277a5b88d8e94a432374d97cca22f3de7fc63795deb5d
  languageName: node
  linkType: hard

"get-proto@npm:^1.0.1":
  version: 1.0.1
  resolution: "get-proto@npm:1.0.1"
  dependencies:
    dunder-proto: "npm:^1.0.1"
    es-object-atoms: "npm:^1.0.0"
  checksum: 10c0/9224acb44603c5526955e83510b9da41baf6ae73f7398875fba50edc5e944223a89c4a72b070fcd78beb5f7bdda58ecb6294adc28f7acfc0da05f76a2399643c
  languageName: node
  linkType: hard

"gopd@npm:^1.2.0":
  version: 1.2.0
  resolution: "gopd@npm:1.2.0"
  checksum: 10c0/50fff1e04ba2b7737c097358534eacadad1e68d24cccee3272e04e007bed008e68d2614f3987788428fd192a5ae3889d08fb2331417e4fc4a9ab366b2043cead
  languageName: node
  linkType: hard

"has-symbols@npm:^1.0.3, has-symbols@npm:^1.1.0":
  version: 1.1.0
  resolution: "has-symbols@npm:1.1.0"
  checksum: 10c0/dde0a734b17ae51e84b10986e651c664379018d10b91b6b0e9b293eddb32f0f069688c841fb40f19e9611546130153e0a2a48fd7f512891fb000ddfa36f5a20e
  languageName: node
  linkType: hard

"has-tostringtag@npm:^1.0.2":
  version: 1.0.2
  resolution: "has-tostringtag@npm:1.0.2"
  dependencies:
    has-symbols: "npm:^1.0.3"
  checksum: 10c0/a8b166462192bafe3d9b6e420a1d581d93dd867adb61be223a17a8d6dad147aa77a8be32c961bb2f27b3ef893cae8d36f564ab651f5e9b7938ae86f74027c48c
  languageName: node
  linkType: hard

"hasown@npm:^2.0.2, hasown@npm:^2.0.4":
  version: 2.0.4
  resolution: "hasown@npm:2.0.4"
  dependencies:
    function-bind: "npm:^1.1.2"
  checksum: 10c0/2d8de939e270b70618f8cebb69746620db10617dbb495bc66ddad326955ea24d3ca4af133aff3eb7c1853e0218f867bc2b050ec26fe02e3aea58f880ffc5e506
  languageName: node
  linkType: hard

"http-errors@npm:^2.0.0, http-errors@npm:^2.0.1, http-errors@npm:~2.0.1":
  version: 2.0.1
  resolution: "http-errors@npm:2.0.1"
  dependencies:
    depd: "npm:~2.0.0"
    inherits: "npm:~2.0.4"
    setprototypeof: "npm:~1.2.0"
    statuses: "npm:~2.0.2"
    toidentifier: "npm:~1.0.1"
  checksum: 10c0/fb38906cef4f5c83952d97661fe14dc156cb59fe54812a42cd448fa57b5c5dfcb38a40a916957737bd6b87aab257c0648d63eb5b6a9ca9f548e105b6072712d4
  languageName: node
  linkType: hard

"iconv-lite@npm:^0.7.2, iconv-lite@npm:~0.7.0":
  version: 0.7.3
  resolution: "iconv-lite@npm:0.7.3"
  dependencies:
    safer-buffer: "npm:>= 2.1.2 < 3.0.0"
  checksum: 10c0/be2fd2414f7e94be3a63063fa0ad5919c16bc7b6e00c77eea0765ced6db405739f38dd51016583058fba25cc1d0106ba30b83fbb7a7e32f824d4db76f23d8d33
  languageName: node
  linkType: hard

"inherits@npm:~2.0.4":
  version: 2.0.4
  resolution: "inherits@npm:2.0.4"
  checksum: 10c0/4e531f648b29039fb7426fb94075e6545faa1eb9fe83c29f0b6d9e7263aceb4289d2d4557db0d428188eeb449cc7c5e77b0a0b2c4e248ff2a65933a0dee49ef2
  languageName: node
  linkType: hard

"ipaddr.js@npm:1.9.1":
  version: 1.9.1
  resolution: "ipaddr.js@npm:1.9.1"
  checksum: 10c0/0486e775047971d3fdb5fb4f063829bac45af299ae0b82dcf3afa2145338e08290563a2a70f34b732d795ecc8311902e541a8530eeb30d75860a78ff4e94ce2a
  languageName: node
  linkType: hard

"is-core-module@npm:^2.16.1":
  version: 2.17.0
  resolution: "is-core-module@npm:2.17.0"
  dependencies:
    hasown: "npm:^2.0.4"
  checksum: 10c0/3dc7c15ea42f846180cd2cdd57af62270e0a8d0ed31c17c85735d554089d39975e2e82e65fc7c8280a3c476ca3d0d09992d0860b4998abb769a277341feb6698
  languageName: node
  linkType: hard

"is-expression@npm:^4.0.0":
  version: 4.0.0
  resolution: "is-expression@npm:4.0.0"
  dependencies:
    acorn: "npm:^7.1.1"
    object-assign: "npm:^4.1.1"
  checksum: 10c0/541831d39d3e7bfc8cecd966d6b0f3c0e6d9055342f17b634fb23e74f51ce90f1bfc3cf231c722fe003a61e8d4f0b9e07244fdaba57f4fc70a163c74006fd5a0
  languageName: node
  linkType: hard

"is-promise@npm:^2.0.0":
  version: 2.2.2
  resolution: "is-promise@npm:2.2.2"
  checksum: 10c0/2dba959812380e45b3df0fb12e7cb4d4528c989c7abb03ececb1d1fd6ab1cbfee956ca9daa587b9db1d8ac3c1e5738cf217bdb3dfd99df8c691be4c00ae09069
  languageName: node
  linkType: hard

"is-promise@npm:^4.0.0":
  version: 4.0.0
  resolution: "is-promise@npm:4.0.0"
  checksum: 10c0/ebd5c672d73db781ab33ccb155fb9969d6028e37414d609b115cc534654c91ccd061821d5b987eefaa97cf4c62f0b909bb2f04db88306de26e91bfe8ddc01503
  languageName: node
  linkType: hard

"is-regex@npm:^1.0.3":
  version: 1.2.1
  resolution: "is-regex@npm:1.2.1"
  dependencies:
    call-bound: "npm:^1.0.2"
    gopd: "npm:^1.2.0"
    has-tostringtag: "npm:^1.0.2"
    hasown: "npm:^2.0.2"
  checksum: 10c0/1d3715d2b7889932349241680032e85d0b492cfcb045acb75ffc2c3085e8d561184f1f7e84b6f8321935b4aea39bc9c6ba74ed595b57ce4881a51dfdbc214e04
  languageName: node
  linkType: hard

"js-stringify@npm:^1.0.2":
  version: 1.0.2
  resolution: "js-stringify@npm:1.0.2"
  checksum: 10c0/a450c04fde3a7e1c27f1c3c4300433f8d79322f9e3c2e76266843cef8c0b5a69b5f11b5f173212b2f15f2df09e068ef7ddf46ef775e2486f3006a6f4e912578d
  languageName: node
  linkType: hard

"jstransformer@npm:1.0.0":
  version: 1.0.0
  resolution: "jstransformer@npm:1.0.0"
  dependencies:
    is-promise: "npm:^2.0.0"
    promise: "npm:^7.0.1"
  checksum: 10c0/11f9b4f368a55878dd7973154cd83b0adca27f974d21217728652530775b2bec281e92109de66f0c9e37c76af796d5b76b33f3e38363214a83d102d523a7285b
  languageName: node
  linkType: hard

"math-intrinsics@npm:^1.1.0":
  version: 1.1.0
  resolution: "math-intrinsics@npm:1.1.0"
  checksum: 10c0/7579ff94e899e2f76ab64491d76cf606274c874d8f2af4a442c016bd85688927fcfca157ba6bf74b08e9439dc010b248ce05b96cc7c126a354c3bae7fcb48b7f
  languageName: node
  linkType: hard

"media-typer@npm:^1.1.0":
  version: 1.1.1
  resolution: "media-typer@npm:1.1.1"
  checksum: 10c0/924644de220c3107fc53ec0299b7c1488503470265d32f1492535bd798cc369ba7ceaf9c2a4533361590dcf7208d1cc7b7032dbc1a5918773f5f5d912cab5211
  languageName: node
  linkType: hard

"merge-descriptors@npm:^2.0.0":
  version: 2.0.0
  resolution: "merge-descriptors@npm:2.0.0"
  checksum: 10c0/95389b7ced3f9b36fbdcf32eb946dc3dd1774c2fdf164609e55b18d03aa499b12bd3aae3a76c1c7185b96279e9803525550d3eb292b5224866060a288f335cb3
  languageName: node
  linkType: hard

"mime-db@npm:^1.54.0":
  version: 1.54.0
  resolution: "mime-db@npm:1.54.0"
  checksum: 10c0/8d907917bc2a90fa2df842cdf5dfeaf509adc15fe0531e07bb2f6ab15992416479015828d6a74200041c492e42cce3ebf78e5ce714388a0a538ea9c53eece284
  languageName: node
  linkType: hard

"mime-types@npm:^3.0.0, mime-types@npm:^3.0.2":
  version: 3.0.2
  resolution: "mime-types@npm:3.0.2"
  dependencies:
    mime-db: "npm:^1.54.0"
  checksum: 10c0/35a0dd1035d14d185664f346efcdb72e93ef7a9b6e9ae808bd1f6358227010267fab52657b37562c80fc888ff76becb2b2938deb5e730818b7983bf8bd359767
  languageName: node
  linkType: hard

"morgan@npm:^1.12.1":
  version: 1.12.1
  resolution: "morgan@npm:1.12.1"
  dependencies:
    basic-auth: "npm:~2.0.1"
    debug: "npm:2.6.9"
    depd: "npm:~2.0.0"
    on-finished: "npm:~2.4.1"
    on-headers: "npm:~1.1.0"
  checksum: 10c0/543ef12deae8c30d12df9cd0412353dc6003a075530a2c093099a91792fa969778d5eeb863f0fdcbd0333f25281b17a5b7bc3e38cf759024679b24ca7b950be9
  languageName: node
  linkType: hard

"ms@npm:2.0.0":
  version: 2.0.0
  resolution: "ms@npm:2.0.0"
  checksum: 10c0/f8fda810b39fd7255bbdc451c46286e549794fcc700dc9cd1d25658bbc4dc2563a5de6fe7c60f798a16a60c6ceb53f033cb353f493f0cf63e5199b702943159d
  languageName: node
  linkType: hard

"ms@npm:^2.1.3":
  version: 2.1.3
  resolution: "ms@npm:2.1.3"
  checksum: 10c0/d924b57e7312b3b63ad21fc5b3dc0af5e78d61a1fc7cfb5457edaf26326bf62be5307cc87ffb6862ef1c2b33b0233cdb5d4f01c4c958cc0d660948b65a287a48
  languageName: node
  linkType: hard

"negotiator@npm:^1.0.0":
  version: 1.1.0
  resolution: "negotiator@npm:1.1.0"
  dependencies:
    content-type: "npm:^2.1.0"
  checksum: 10c0/656fa57de02f1a0c4c09f9e17eb78e8182547c07093e810ff8f16249b6ae31f2c546a3d457905e94f3276b25f0e2741ea1a3bc3912192932ed7e493adfea535e
  languageName: node
  linkType: hard

"node-telegram-bot-api@npm:^2.1.0":
  version: 2.1.0
  resolution: "node-telegram-bot-api@npm:2.1.0"
  checksum: 10c0/6191c35b5a3697d8c97a5629880c4b391081d43866ca0ae0cc7179cd8fbaf1ebc809346a45055abcac19a815ef83ffd10af2f41795617f3c879086fe74613ed9
  languageName: node
  linkType: hard

"object-assign@npm:^4.1.1":
  version: 4.1.1
  resolution: "object-assign@npm:4.1.1"
  checksum: 10c0/1f4df9945120325d041ccf7b86f31e8bcc14e73d29171e37a7903050e96b81323784ec59f93f102ec635bcf6fa8034ba3ea0a8c7e69fa202b87ae3b6cec5a414
  languageName: node
  linkType: hard

"object-inspect@npm:^1.13.3, object-inspect@npm:^1.13.4":
  version: 1.13.4
  resolution: "object-inspect@npm:1.13.4"
  checksum: 10c0/d7f8711e803b96ea3191c745d6f8056ce1f2496e530e6a19a0e92d89b0fa3c76d910c31f0aa270432db6bd3b2f85500a376a83aaba849a8d518c8845b3211692
  languageName: node
  linkType: hard

"on-finished@npm:^2.4.1, on-finished@npm:~2.4.1":
  version: 2.4.1
  resolution: "on-finished@npm:2.4.1"
  dependencies:
    ee-first: "npm:1.1.1"
  checksum: 10c0/46fb11b9063782f2d9968863d9cbba33d77aa13c17f895f56129c274318b86500b22af3a160fe9995aa41317efcd22941b6eba747f718ced08d9a73afdb087b4
  languageName: node
  linkType: hard

"on-headers@npm:~1.1.0":
  version: 1.1.0
  resolution: "on-headers@npm:1.1.0"
  checksum: 10c0/2c3b6b0d68ec9adbd561dc2d61c9b14da8ac03d8a2f0fd9e97bdf0600c887d5d97f664ff3be6876cf40cda6e3c587d73a4745e10b426ac50c7664fc5a0dfc0a1
  languageName: node
  linkType: hard

"once@npm:^1.4.0":
  version: 1.4.0
  resolution: "once@npm:1.4.0"
  dependencies:
    wrappy: "npm:1"
  checksum: 10c0/5d48aca287dfefabd756621c5dfce5c91a549a93e9fdb7b8246bc4c4790aa2ec17b34a260530474635147aeb631a2dcc8b32c613df0675f96041cbb8244517d0
  languageName: node
  linkType: hard

"parseurl@npm:^1.3.3":
  version: 1.3.3
  resolution: "parseurl@npm:1.3.3"
  checksum: 10c0/90dd4760d6f6174adb9f20cf0965ae12e23879b5f5464f38e92fce8073354341e4b3b76fa3d878351efe7d01e617121955284cfd002ab087fba1a0726ec0b4f5
  languageName: node
  linkType: hard

"path-parse@npm:^1.0.7":
  version: 1.0.7
  resolution: "path-parse@npm:1.0.7"
  checksum: 10c0/11ce261f9d294cc7a58d6a574b7f1b935842355ec66fba3c3fd79e0f036462eaf07d0aa95bb74ff432f9afef97ce1926c720988c6a7451d8a584930ae7de86e1
  languageName: node
  linkType: hard

"path-to-regexp@npm:^8.0.0":
  version: 8.4.2
  resolution: "path-to-regexp@npm:8.4.2"
  checksum: 10c0/05b115c49b47ad252ce05faa32930f643f23769c68b8bcfe78ad833545140c48bbffb3266986d6c8d5db13a64cf12e07e0d72d9882cab830efeefa553533ebaf
  languageName: node
  linkType: hard

"promise@npm:^7.0.1":
  version: 7.3.1
  resolution: "promise@npm:7.3.1"
  dependencies:
    asap: "npm:~2.0.3"
  checksum: 10c0/742e5c0cc646af1f0746963b8776299701ad561ce2c70b49365d62c8db8ea3681b0a1bf0d4e2fe07910bf72f02d39e51e8e73dc8d7503c3501206ac908be107f
  languageName: node
  linkType: hard

"proxy-addr@npm:^2.0.7":
  version: 2.0.8
  resolution: "proxy-addr@npm:2.0.8"
  dependencies:
    forwarded: "npm:0.2.0"
    ipaddr.js: "npm:1.9.1"
  checksum: 10c0/58398f36e5b1f72b1011ca21844c0c41a9a3b6f2f0d101bcdb19abb3f3dd9626b27a96e53da777ded901eb67faed0304a4bc1d435b235e436f66f8e5e1fe1f5e
  languageName: node
  linkType: hard

"pug-attrs@npm:^3.0.0":
  version: 3.0.0
  resolution: "pug-attrs@npm:3.0.0"
  dependencies:
    constantinople: "npm:^4.0.1"
    js-stringify: "npm:^1.0.2"
    pug-runtime: "npm:^3.0.0"
  checksum: 10c0/28178e91c05e8eb9130861c78dccc61eae3e1610931346065bd32ad0b08b023a8dcf2470c3b2409ba45a5098d6d7ed15687717e91cf77770c6381a18626e5194
  languageName: node
  linkType: hard

"pug-code-gen@npm:^3.0.4":
  version: 3.0.4
  resolution: "pug-code-gen@npm:3.0.4"
  dependencies:
    constantinople: "npm:^4.0.1"
    doctypes: "npm:^1.1.0"
    js-stringify: "npm:^1.0.2"
    pug-attrs: "npm:^3.0.0"
    pug-error: "npm:^2.1.0"
    pug-runtime: "npm:^3.0.1"
    void-elements: "npm:^3.1.0"
    with: "npm:^7.0.0"
  checksum: 10c0/701c12bf8c0fed6f67110903357ff8dc3958138e8fc9d315e69fd560deb0b092784072d4c0d70140679e5c413c0f077bc807f5aca25106f9c956f626c476274b
  languageName: node
  linkType: hard

"pug-error@npm:^2.0.0, pug-error@npm:^2.1.0":
  version: 2.1.0
  resolution: "pug-error@npm:2.1.0"
  checksum: 10c0/bbce339b17fab9890de84975c0cd8723a847bf65f35653d3ebcf77018e8ad91529d56e978ab80f4c64c9f4f07ef9e56e7a9fda3be44249c344a93ba11fccff79
  languageName: node
  linkType: hard

"pug-filters@npm:^4.0.0":
  version: 4.0.0
  resolution: "pug-filters@npm:4.0.0"
  dependencies:
    constantinople: "npm:^4.0.1"
    jstransformer: "npm:1.0.0"
    pug-error: "npm:^2.0.0"
    pug-walk: "npm:^2.0.0"
    resolve: "npm:^1.15.1"
  checksum: 10c0/7ddd62f5eb97f5242858bd56d93ffed387fef3742210a53770c980020cf91a34384b84b7fc8f0de185b43dfa77de2c4d0f63f575a4c5b3887fdef4e64b8d559d
  languageName: node
  linkType: hard

"pug-lexer@npm:^5.0.1":
  version: 5.0.1
  resolution: "pug-lexer@npm:5.0.1"
  dependencies:
    character-parser: "npm:^2.2.0"
    is-expression: "npm:^4.0.0"
    pug-error: "npm:^2.0.0"
  checksum: 10c0/24195a5681953ab91c6a3ccd80a643f760dddb65e2f266bf8ccba145018ba0271536efe1572de2c2224163eb00873c2f1df0ad7ea7aa8bcbf79a66b586ca8435
  languageName: node
  linkType: hard

"pug-linker@npm:^4.0.0":
  version: 4.0.0
  resolution: "pug-linker@npm:4.0.0"
  dependencies:
    pug-error: "npm:^2.0.0"
    pug-walk: "npm:^2.0.0"
  checksum: 10c0/db754ff34cdd4ba9d9e2d9535cce2a74178f2172e848a5fa6381907cb5bfaa0d39d4cc3eb29893d35fc1c417e83ae3cfd434640ba7d3b635c63199104fae976c
  languageName: node
  linkType: hard

"pug-load@npm:^3.0.0":
  version: 3.0.0
  resolution: "pug-load@npm:3.0.0"
  dependencies:
    object-assign: "npm:^4.1.1"
    pug-walk: "npm:^2.0.0"
  checksum: 10c0/2a7659dfaf9872dd25d851f85e4c27fa447d907b1db3540030cd844614159ff181e067d8f2bedf90eb6b5b1ff03747253859ecbbb822e40f4834b15591d4e108
  languageName: node
  linkType: hard

"pug-parser@npm:^6.0.0":
  version: 6.0.0
  resolution: "pug-parser@npm:6.0.0"
  dependencies:
    pug-error: "npm:^2.0.0"
    token-stream: "npm:1.0.0"
  checksum: 10c0/faa6cec43afdeb2705eb8c68dfdb2e65836238df8043ae55295ffb72450b8c7a990ea1be60adbde19f58988b9e1d18a84ea42453e2c4f104d0031f78fda737b2
  languageName: node
  linkType: hard

"pug-runtime@npm:^3.0.0, pug-runtime@npm:^3.0.1":
  version: 3.0.1
  resolution: "pug-runtime@npm:3.0.1"
  checksum: 10c0/0db8166d2e17695a6941d1de81dcb21c8a52921299b1e03bf6a0a3d2b0036b51cf98101b3937b731c745e8d3e0268cb0b728c02f61a80a25fcfaa15c594fb1be
  languageName: node
  linkType: hard

"pug-strip-comments@npm:^2.0.0":
  version: 2.0.0
  resolution: "pug-strip-comments@npm:2.0.0"
  dependencies:
    pug-error: "npm:^2.0.0"
  checksum: 10c0/ca498adedaeba51dd836b20129bbd161e2d5a397a2baaa553b1e74e888caa2258dcd7326396fc6f8fed8c7b7f906cfebc4c386ccbee8888a27b2ca0d4d86d206
  languageName: node
  linkType: hard

"pug-walk@npm:^2.0.0":
  version: 2.0.0
  resolution: "pug-walk@npm:2.0.0"
  checksum: 10c0/005d63177bcf057f5a618b182f6d4600afb039200b07a381a0d89288a2b3126e763a0a6c40b758eab0731c8e63cad1bbcb46d96803b9ae9cfc879f6ef5a0f8f4
  languageName: node
  linkType: hard

"pug@npm:^3.0.4":
  version: 3.0.4
  resolution: "pug@npm:3.0.4"
  dependencies:
    pug-code-gen: "npm:^3.0.4"
    pug-filters: "npm:^4.0.0"
    pug-lexer: "npm:^5.0.1"
    pug-linker: "npm:^4.0.0"
    pug-load: "npm:^3.0.0"
    pug-parser: "npm:^6.0.0"
    pug-runtime: "npm:^3.0.1"
    pug-strip-comments: "npm:^2.0.0"
  checksum: 10c0/898258a95960a1819db70ea044002db9790e5cc93d169ac9798da522c884599c0c1b67da1bda34f82d11fe2df26df1588b406fdc7e0c9f08e0fc174303bb81ee
  languageName: node
  linkType: hard

"qs@npm:^6.14.0, qs@npm:^6.15.2":
  version: 6.16.0
  resolution: "qs@npm:6.16.0"
  dependencies:
    es-define-property: "npm:^1.0.1"
    side-channel: "npm:^1.1.1"
  checksum: 10c0/eb3e31992fbd70e31a1791e571ed817d70975de7d3bfcbbbec93d77d1dd305877e9e8fdbcc62303c228ee5c3606685622cd6231c042dbc4790bb4e7c65fcbe18
  languageName: node
  linkType: hard

"range-parser@npm:^1.2.1":
  version: 1.3.0
  resolution: "range-parser@npm:1.3.0"
  checksum: 10c0/295494bb6685f9ab50f41a5f4fa5ce445aeeb9673b491bf178460fcc3a812dcf0d164cf1c83074f13a71a87d91ead5e097afd53e0630bc49a5101ed60f2a7529
  languageName: node
  linkType: hard

"raw-body@npm:^3.0.2":
  version: 3.0.2
  resolution: "raw-body@npm:3.0.2"
  dependencies:
    bytes: "npm:~3.1.2"
    http-errors: "npm:~2.0.1"
    iconv-lite: "npm:~0.7.0"
    unpipe: "npm:~1.0.0"
  checksum: 10c0/d266678d08e1e7abea62c0ce5864344e980fa81c64f6b481e9842c5beaed2cdcf975f658a3ccd67ad35fc919c1f6664ccc106067801850286a6cbe101de89f29
  languageName: node
  linkType: hard

"redis@npm:^6.3.0":
  version: 6.3.0
  resolution: "redis@npm:6.3.0"
  dependencies:
    "@redis/bloom": "npm:6.3.0"
    "@redis/client": "npm:6.3.0"
    "@redis/json": "npm:6.3.0"
    "@redis/search": "npm:6.3.0"
    "@redis/time-series": "npm:6.3.0"
  checksum: 10c0/9f9d7af35c6ec42cf0084b8db29fdd1e28a10875a0cc992b99d04116533a118be5646e9be7594b95098c63e73d9b555359326b42ea31c0a406094ee623fd065d
  languageName: node
  linkType: hard

"resolve@npm:^1.15.1":
  version: 1.22.12
  resolution: "resolve@npm:1.22.12"
  dependencies:
    es-errors: "npm:^1.3.0"
    is-core-module: "npm:^2.16.1"
    path-parse: "npm:^1.0.7"
    supports-preserve-symlinks-flag: "npm:^1.0.0"
  bin:
    resolve: bin/resolve
  checksum: 10c0/b16dc9b537c02e8c3388f7d3dcff9741d3071625f9a97ac1c885f2b0ca51e78df22328fb6d6ef214dd9101fb7cfc19aa2836fe3410402a94f3f7b8639c7149bf
  languageName: node
  linkType: hard

"resolve@patch:resolve@npm%3A^1.15.1#optional!builtin<compat/resolve>":
  version: 1.22.12
  resolution: "resolve@patch:resolve@npm%3A1.22.12#optional!builtin<compat/resolve>::version=1.22.12&hash=9bd1a5"
  dependencies:
    es-errors: "npm:^1.3.0"
    is-core-module: "npm:^2.16.1"
    path-parse: "npm:^1.0.7"
    supports-preserve-symlinks-flag: "npm:^1.0.0"
  bin:
    resolve: bin/resolve
  checksum: 10c0/e12af106e16e652bd83060e8afacece4ee3dcbd0f4cf028e3d9ad178e6ced9ecb1c87ee60158b239582313902a717f8adc57a9b76ea54b1994141ba15f420c65
  languageName: node
  linkType: hard

"router@npm:^2.2.0":
  version: 2.2.0
  resolution: "router@npm:2.2.0"
  dependencies:
    debug: "npm:^4.4.0"
    depd: "npm:^2.0.0"
    is-promise: "npm:^4.0.0"
    parseurl: "npm:^1.3.3"
    path-to-regexp: "npm:^8.0.0"
  checksum: 10c0/3279de7450c8eae2f6e095e9edacbdeec0abb5cb7249c6e719faa0db2dba43574b4fff5892d9220631c9abaff52dd3cad648cfea2aaace845e1a071915ac8867
  languageName: node
  linkType: hard

"safe-buffer@npm:5.1.2":
  version: 5.1.2
  resolution: "safe-buffer@npm:5.1.2"
  checksum: 10c0/780ba6b5d99cc9a40f7b951d47152297d0e260f0df01472a1b99d4889679a4b94a13d644f7dbc4f022572f09ae9005fa2fbb93bbbd83643316f365a3e9a45b21
  languageName: node
  linkType: hard

"safer-buffer@npm:>= 2.1.2 < 3.0.0":
  version: 2.1.2
  resolution: "safer-buffer@npm:2.1.2"
  checksum: 10c0/7e3c8b2e88a1841c9671094bbaeebd94448111dd90a81a1f606f3f67708a6ec57763b3b47f06da09fc6054193e0e6709e77325415dc8422b04497a8070fa02d4
  languageName: node
  linkType: hard

"send@npm:^1.1.0, send@npm:^1.2.0":
  version: 1.2.1
  resolution: "send@npm:1.2.1"
  dependencies:
    debug: "npm:^4.4.3"
    encodeurl: "npm:^2.0.0"
    escape-html: "npm:^1.0.3"
    etag: "npm:^1.8.1"
    fresh: "npm:^2.0.0"
    http-errors: "npm:^2.0.1"
    mime-types: "npm:^3.0.2"
    ms: "npm:^2.1.3"
    on-finished: "npm:^2.4.1"
    range-parser: "npm:^1.2.1"
    statuses: "npm:^2.0.2"
  checksum: 10c0/fbbbbdc902a913d65605274be23f3d604065cfc3ee3d78bf9fc8af1dc9fc82667c50d3d657f5e601ac657bac9b396b50ee97bd29cd55436320cf1cddebdcec72
  languageName: node
  linkType: hard

"serve-static@npm:^2.2.0":
  version: 2.2.1
  resolution: "serve-static@npm:2.2.1"
  dependencies:
    encodeurl: "npm:^2.0.0"
    escape-html: "npm:^1.0.3"
    parseurl: "npm:^1.3.3"
    send: "npm:^1.2.0"
  checksum: 10c0/37986096e8572e2dfaad35a3925fa8da0c0969f8814fd7788e84d4d388bc068cf0c06d1658509788e55bed942a6b6d040a8a267fa92bb9ffb1179f8bacde5fd7
  languageName: node
  linkType: hard

"setprototypeof@npm:~1.2.0":
  version: 1.2.0
  resolution: "setprototypeof@npm:1.2.0"
  checksum: 10c0/68733173026766fa0d9ecaeb07f0483f4c2dc70ca376b3b7c40b7cda909f94b0918f6c5ad5ce27a9160bdfb475efaa9d5e705a11d8eaae18f9835d20976028bc
  languageName: node
  linkType: hard

"side-channel-list@npm:^1.0.1":
  version: 1.0.1
  resolution: "side-channel-list@npm:1.0.1"
  dependencies:
    es-errors: "npm:^1.3.0"
    object-inspect: "npm:^1.13.4"
  checksum: 10c0/d346c787fd2f9f1c2fdea14f00e8250118db0e7596d85a6cb9faa75f105d31a73a8f7a341c93d7df2a2429098c3d37a77bd3be9e88c37094b8c01807bc77c7a2
  languageName: node
  linkType: hard

"side-channel-map@npm:^1.0.1":
  version: 1.0.1
  resolution: "side-channel-map@npm:1.0.1"
  dependencies:
    call-bound: "npm:^1.0.2"
    es-errors: "npm:^1.3.0"
    get-intrinsic: "npm:^1.2.5"
    object-inspect: "npm:^1.13.3"
  checksum: 10c0/010584e6444dd8a20b85bc926d934424bd809e1a3af941cace229f7fdcb751aada0fb7164f60c2e22292b7fa3c0ff0bce237081fd4cdbc80de1dc68e95430672
  languageName: node
  linkType: hard

"side-channel-weakmap@npm:^1.0.2":
  version: 1.0.2
  resolution: "side-channel-weakmap@npm:1.0.2"
  dependencies:
    call-bound: "npm:^1.0.2"
    es-errors: "npm:^1.3.0"
    get-intrinsic: "npm:^1.2.5"
    object-inspect: "npm:^1.13.3"
    side-channel-map: "npm:^1.0.1"
  checksum: 10c0/71362709ac233e08807ccd980101c3e2d7efe849edc51455030327b059f6c4d292c237f94dc0685031dd11c07dd17a68afde235d6cf2102d949567f98ab58185
  languageName: node
  linkType: hard

"side-channel@npm:^1.1.1":
  version: 1.1.1
  resolution: "side-channel@npm:1.1.1"
  dependencies:
    es-errors: "npm:^1.3.0"
    object-inspect: "npm:^1.13.4"
    side-channel-list: "npm:^1.0.1"
    side-channel-map: "npm:^1.0.1"
    side-channel-weakmap: "npm:^1.0.2"
  checksum: 10c0/dc0ab81d67f61bda9247d053ce93f41c3fd8ad2bdcb9cf9d8d2f8540d488f26d87a5e99ebfc07eea49ec025867b2452b705442d974b1478f0395e69f6bfb3270
  languageName: node
  linkType: hard

"statuses@npm:^2.0.1, statuses@npm:^2.0.2, statuses@npm:~2.0.2":
  version: 2.0.2
  resolution: "statuses@npm:2.0.2"
  checksum: 10c0/a9947d98ad60d01f6b26727570f3bcceb6c8fa789da64fe6889908fe2e294d57503b14bf2b5af7605c2d36647259e856635cd4c49eab41667658ec9d0080ec3f
  languageName: node
  linkType: hard

"supports-preserve-symlinks-flag@npm:^1.0.0":
  version: 1.0.0
  resolution: "supports-preserve-symlinks-flag@npm:1.0.0"
  checksum: 10c0/6c4032340701a9950865f7ae8ef38578d8d7053f5e10518076e6554a9381fa91bd9c6850193695c141f32b21f979c985db07265a758867bac95de05f7d8aeb39
  languageName: node
  linkType: hard

"tg-recaptcha@workspace:.":
  version: 0.0.0-use.local
  resolution: "tg-recaptcha@workspace:."
  dependencies:
    aws-jwt-verify: "npm:^5.2.1"
    express: "npm:^5.2.1"
    express-recaptcha: "npm:^5.1.0"
    morgan: "npm:^1.12.1"
    node-telegram-bot-api: "npm:^2.1.0"
    pug: "npm:^3.0.4"
    redis: "npm:^6.3.0"
  languageName: unknown
  linkType: soft

"toidentifier@npm:~1.0.1":
  version: 1.0.1
  resolution: "toidentifier@npm:1.0.1"
  checksum: 10c0/93937279934bd66cc3270016dd8d0afec14fb7c94a05c72dc57321f8bd1fa97e5bea6d1f7c89e728d077ca31ea125b78320a616a6c6cd0e6b9cb94cb864381c1
  languageName: node
  linkType: hard

"token-stream@npm:1.0.0":
  version: 1.0.0
  resolution: "token-stream@npm:1.0.0"
  checksum: 10c0/c1924a89686fc035d579cbe856da12306571d5fe7408eeeebe80df7c25c5cc644b8ae102d5cbc0f085d0e105f391d1a48dc0e568520434c5b444ea6c7de2b822
  languageName: node
  linkType: hard

"type-is@npm:^2.0.1, type-is@npm:^2.1.0":
  version: 2.1.0
  resolution: "type-is@npm:2.1.0"
  dependencies:
    content-type: "npm:^2.0.0"
    media-typer: "npm:^1.1.0"
    mime-types: "npm:^3.0.0"
  checksum: 10c0/a6018f8f509de48f2c7429305e3a920e73b374fa93127dd0877ae1c2df65a5d33907caac8afb0c37a9b9fc7c49f29e3f55d668963dc845d966930b667c07f50e
  languageName: node
  linkType: hard

"unpipe@npm:~1.0.0":
  version: 1.0.0
  resolution: "unpipe@npm:1.0.0"
  checksum: 10c0/193400255bd48968e5c5383730344fbb4fa114cdedfab26e329e50dd2d81b134244bb8a72c6ac1b10ab0281a58b363d06405632c9d49ca9dfd5e90cbd7d0f32c
  languageName: node
  linkType: hard

"vary@npm:^1.1.2":
  version: 1.1.2
  resolution: "vary@npm:1.1.2"
  checksum: 10c0/f15d588d79f3675135ba783c91a4083dcd290a2a5be9fcb6514220a1634e23df116847b1cc51f66bfb0644cf9353b2abb7815ae499bab06e46dd33c1a6bf1f4f
  languageName: node
  linkType: hard

"void-elements@npm:^3.1.0":
  version: 3.1.0
  resolution: "void-elements@npm:3.1.0"
  checksum: 10c0/0b8686f9f9aa44012e9bd5eabf287ae0cde409b9a2854c5a2335cb83920c957668ac5876e3f0d158dd424744ac411a7270e64128556b451ed3bec875ef18534d
  languageName: node
  linkType: hard

"with@npm:^7.0.0":
  version: 7.0.2
  resolution: "with@npm:7.0.2"
  dependencies:
    "@babel/parser": "npm:^7.9.6"
    "@babel/types": "npm:^7.9.6"
    assert-never: "npm:^1.2.1"
    babel-walk: "npm:3.0.0-canary-5"
  checksum: 10c0/99289e49afc4b1776afae0ef85e84cfa775e8e07464d2b9853a31b0822347031d1cf77f287d25adc8c3f81e4fa68f4ee31526a9c95d4981ba08a1fe24dee111a
  languageName: node
  linkType: hard

"wrappy@npm:1":
  version: 1.0.2
  resolution: "wrappy@npm:1.0.2"
  checksum: 10c0/56fece1a4018c6a6c8e28fbc88c87e0fbf4ea8fd64fc6c63b18f4acc4bd13e0ad2515189786dd2c30d3eec9663d70f4ecf699330002f8ccb547e4a18231fc9f0
  languageName: node
  linkType: hard
